{
  "version": 4,
  "terraform_version": "1.14.7",
  "serial": 3,
  "lineage": "b3fd001e-9556-1bca-50c1-a2e9cf04a2a0",
  "outputs": {},
  "resources": [
    {
      "mode": "managed",
      "type": "google_compute_firewall",
      "name": "allow_http",
      "provider": "provider[\"registry.terraform.io/hashicorp/google\"]",
      "instances": [
        {
          "schema_version": 1,
          "attributes": {
            "allow": [
              {
                "ports": [
                  "80",
                  "9090",
                  "3001"
                ],
                "protocol": "tcp"
              }
            ],
            "creation_timestamp": "2026-03-21T12:28:05.163-07:00",
            "deny": [],
            "description": "",
            "destination_ranges": [],
            "direction": "INGRESS",
            "disabled": false,
            "enable_logging": null,
            "id": "projects/project-28225aef-d526-47fe-81e/global/firewalls/allow-http",
            "log_config": [],
            "name": "allow-http",
            "network": "https://www.googleapis.com/compute/v1/projects/project-28225aef-d526-47fe-81e/global/networks/default",
            "params": [],
            "priority": 1000,
            "project": "project-28225aef-d526-47fe-81e",
            "self_link": "https://www.googleapis.com/compute/v1/projects/project-28225aef-d526-47fe-81e/global/firewalls/allow-http",
            "source_ranges": [
              "0.0.0.0/0"
            ],
            "source_service_accounts": null,
            "source_tags": null,
            "target_service_accounts": null,
            "target_tags": null,
            "timeouts": null
          },
          "sensitive_attributes": [],
          "identity_schema_version": 0,
          "private": "eyJlMmJmYjczMC1lY2FhLTExZTYtOGY4OC0zNDM2M2JjN2M0YzAiOnsiY3JlYXRlIjoxMjAwMDAwMDAwMDAwLCJkZWxldGUiOjEyMDAwMDAwMDAwMDAsInVwZGF0ZSI6MTIwMDAwMDAwMDAwMH0sInNjaGVtYV92ZXJzaW9uIjoiMSJ9"
        }
      ]
    },
    {
      "mode": "managed",
      "type": "google_compute_instance",
      "name": "vm_instance",
      "provider": "provider[\"registry.terraform.io/hashicorp/google\"]",
      "instances": [
        {
          "schema_version": 6,
          "attributes": {
            "advanced_machine_features": [],
            "allow_stopping_for_update": null,
            "attached_disk": [],
            "boot_disk": [
              {
                "auto_delete": true,
                "device_name": "persistent-disk-0",
                "disk_encryption_key_raw": "",
                "disk_encryption_key_rsa": "",
                "disk_encryption_key_sha256": "",
                "disk_encryption_service_account": "",
                "force_attach": false,
                "guest_os_features": [
                  "UEFI_COMPATIBLE",
                  "VIRTIO_SCSI_MULTIQUEUE",
                  "GVNIC"
                ],
                "initialize_params": [
                  {
                    "architecture": "X86_64",
                    "enable_confidential_compute": false,
                    "image": "https://www.googleapis.com/compute/v1/projects/debian-cloud/global/images/debian-11-bullseye-v20260310",
                    "labels": {},
                    "provisioned_iops": 0,
                    "provisioned_throughput": 0,
                    "resource_manager_tags": null,
                    "resource_policies": [],
                    "size": 10,
                    "snapshot": "",
                    "source_image_encryption_key": [],
                    "source_snapshot_encryption_key": [],
                    "storage_pool": "",
                    "type": "pd-standard"
                  }
                ],
                "interface": "",
                "kms_key_self_link": "",
                "mode": "READ_WRITE",
                "source": "https://www.googleapis.com/compute/v1/projects/project-28225aef-d526-47fe-81e/zones/asia-south1-a/disks/terraform-vm"
              }
            ],
            "can_ip_forward": false,
            "confidential_instance_config": [],
            "cpu_platform": "Intel Broadwell",
            "creation_timestamp": "2026-03-21T12:28:07.949-07:00",
            "current_status": "RUNNING",
            "deletion_protection": false,
            "description": "",
            "desired_status": null,
            "effective_labels": {
              "goog-terraform-provisioned": "true"
            },
            "enable_display": false,
            "guest_accelerator": [],
            "hostname": "",
            "id": "projects/project-28225aef-d526-47fe-81e/zones/asia-south1-a/instances/terraform-vm",
            "instance_encryption_key": [],
            "instance_id": "8585170097655730088",
            "key_revocation_action_type": "",
            "label_fingerprint": "vezUS-42LLM=",
            "labels": null,
            "machine_type": "e2-micro",
            "metadata": null,
            "metadata_fingerprint": "NBBuqkQE46c=",
            "metadata_startup_script": "#!/bin/bash\nset -e\n# Log everything\nexec \u003e /var/log/startup-script.log 2\u003e\u00261\n# Install Docker if not installed\n            if ! command -v docker \u0026\u003e /dev/null\n            then\n                echo \"Docker not found, installing...\"\n                sudo apt update\n                sudo apt install -y docker.io\n                sudo systemctl start docker\n                sudo systemctl enable docker\n            fi\n            \n            #Below commands was for running container directly from pulled image so unable to run all containers like graphana and prometheus separately on different ports hence commented\n            #Pull Image\n            #docker pull var.docker_user/node-devops-app-p1:latest\n            \n            #Stop old container and remove\n            #docker stop node-devops-app-p1 || true\n            #docker rm node-devops-app-p1 || true\n            \n            #Run new container on port 80 of server\n            #docker run -d -p 80:3000 --name node-devops-app-p1 var.docker_user/node-devops-app-p1:latest\n\n            #Below code will clone our repository and run docker compose file to run all containers with specific ports\n            \n            # Install Docker Compose if missing\n            if ! docker compose version \u0026\u003e /dev/null\n            then\n               echo \"Installing Docker Compose...\"\n               sudo mkdir -p /usr/local/lib/docker/cli-plugins\n               sudo curl -SL https://github.com/docker/compose/releases/latest/download/docker-compose-linux-x86_64 \\\n               -o /usr/local/lib/docker/cli-plugins/docker-compose\n               sudo chmod +x /usr/local/lib/docker/cli-plugins/docker-compose\n            fi\n            \n            #Now creting our application directory where it will be installed\n            mkdir -p /home/me_tejaskapade/app\n            cd /home/me_tejaskapade/app\n\n            if [ ! -d \".git\" ]; then\n              git clone https://github.com/tejas-kapade/node-devops-app-testing01\n            else\n              git pull\n            fi\n            \n            cd node-devops-app-testing01\n            export DOCKER_API_VERSION=1.41\n\n            docker compose down\n            docker compose up -d\n",
            "min_cpu_platform": "",
            "name": "terraform-vm",
            "network_interface": [
              {
                "access_config": [
                  {
                    "nat_ip": "34.93.169.233",
                    "network_tier": "PREMIUM",
                    "public_ptr_domain_name": ""
                  }
                ],
                "alias_ip_range": [],
                "igmp_query": "",
                "internal_ipv6_prefix_length": 0,
                "ipv6_access_config": [],
                "ipv6_access_type": "",
                "ipv6_address": "",
                "name": "nic0",
                "network": "https://www.googleapis.com/compute/v1/projects/project-28225aef-d526-47fe-81e/global/networks/default",
                "network_attachment": "",
                "network_ip": "10.160.0.9",
                "nic_type": "",
                "parent_nic_name": "",
                "queue_count": 0,
                "stack_type": "IPV4_ONLY",
                "subnetwork": "https://www.googleapis.com/compute/v1/projects/project-28225aef-d526-47fe-81e/regions/asia-south1/subnetworks/default",
                "subnetwork_project": "project-28225aef-d526-47fe-81e",
                "vlan": 0
              }
            ],
            "network_performance_config": [],
            "params": [],
            "project": "project-28225aef-d526-47fe-81e",
            "reservation_affinity": [],
            "resource_policies": null,
            "scheduling": [
              {
                "automatic_restart": true,
                "availability_domain": 0,
                "instance_termination_action": "",
                "local_ssd_recovery_timeout": [],
                "max_run_duration": [],
                "min_node_cpus": 0,
                "node_affinities": [],
                "on_host_maintenance": "MIGRATE",
                "on_instance_stop_action": [],
                "preemptible": false,
                "provisioning_model": "STANDARD",
                "termination_time": ""
              }
            ],
            "scratch_disk": [],
            "self_link": "https://www.googleapis.com/compute/v1/projects/project-28225aef-d526-47fe-81e/zones/asia-south1-a/instances/terraform-vm",
            "service_account": [],
            "shielded_instance_config": [
              {
                "enable_integrity_monitoring": true,
                "enable_secure_boot": false,
                "enable_vtpm": true
              }
            ],
            "tags": null,
            "tags_fingerprint": "42WmSpB8rSM=",
            "terraform_labels": {
              "goog-terraform-provisioned": "true"
            },
            "timeouts": null,
            "zone": "asia-south1-a"
          },
          "sensitive_attributes": [
            [
              {
                "type": "get_attr",
                "value": "boot_disk"
              },
              {
                "type": "index",
                "value": {
                  "value": 0,
                  "type": "number"
                }
              },
              {
                "type": "get_attr",
                "value": "disk_encryption_key_raw"
              }
            ],
            [
              {
                "type": "get_attr",
                "value": "boot_disk"
              },
              {
                "type": "index",
                "value": {
                  "value": 0,
                  "type": "number"
                }
              },
              {
                "type": "get_attr",
                "value": "disk_encryption_key_rsa"
              }
            ]
          ],
          "identity_schema_version": 0,
          "private": "eyJlMmJmYjczMC1lY2FhLTExZTYtOGY4OC0zNDM2M2JjN2M0YzAiOnsiY3JlYXRlIjoxMjAwMDAwMDAwMDAwLCJkZWxldGUiOjEyMDAwMDAwMDAwMDAsInVwZGF0ZSI6MTIwMDAwMDAwMDAwMH0sInNjaGVtYV92ZXJzaW9uIjoiNiJ9"
        }
      ]
    }
  ],
  "check_results": null
}
